
Microsoft Visual Studio Solution File, Format Version 12.00
# Visual Studio Version 16
VisualStudioVersion = 16.0.31911.196
MinimumVisualStudioVersion = 10.0.40219.1
Project("{9A19103F-16F7-4668-BE54-9A1E7A4F7556}") = "MSITTeam1", "MSITTeam1\MSITTeam1.csproj", "{1D827190-2D2F-4E60-87F0-3791C3FB55E7}"
EndProject
Project("{9A19103F-16F7-4668-BE54-9A1E7A4F7556}") = "MSITTeam1Admin", "MSITTeam1Admin\MSITTeam1Admin.csproj", "{93D54886-EDE8-49B5-971F-518C7C0F3D47}"
EndProject
Global
	GlobalSection(SolutionConfigurationPlatforms) = preSolution
		Debug|Any CPU = Debug|Any CPU
		Release|Any CPU = Release|Any CPU
	EndGlobalSection
	GlobalSection(ProjectConfigurationPlatforms) = postSolution
		{1D827190-2D2F-4E60-87F0-3791C3FB55E7}.Debug|Any CPU.ActiveCfg = Debug|Any CPU
		{1D827190-2D2F-4E60-87F0-3791C3FB55E7}.Debug|Any CPU.Build.0 = Debug|Any CPU
		{1D827190-2D2F-4E60-87F0-3791C3FB55E7}.Release|Any CPU.ActiveCfg = Release|Any CPU
		{1D827190-2D2F-4E60-87F0-3791C3FB55E7}.Release|Any CPU.Build.0 = Release|Any CPU
		{93D54886-EDE8-49B5-971F-518C7C0F3D47}.Debug|Any CPU.ActiveCfg = Debug|Any CPU
		{93D54886-EDE8-49B5-971F-518C7C0F3D47}.Debug|Any CPU.Build.0 = Debug|Any CPU
		{93D54886-EDE8-49B5-971F-518C7C0F3D47}.Release|Any CPU.ActiveCfg = Release|Any CPU
		{93D54886-EDE8-49B5-971F-518C7C0F3D47}.Release|Any CPU.Build.0 = Release|Any CPU
	EndGlobalSection
	GlobalSection(SolutionProperties) = preSolution
		HideSolutionNode = FALSE
	EndGlobalSection
	GlobalSection(ExtensibilityGlobals) = postSolution
		SolutionGuid = {931A0CDD-D1D7-463F-9692-B1EB5BDA186F}
	EndGlobalSection
EndGlobal
